
Microsoft Visual Studio Solution File, Format Version 12.00
# Visual Studio Version 18
VisualStudioVersion = 18.4.11612.150 stable
MinimumVisualStudioVersion = 10.0.40219.1
Project("{FAE04EC0-301F-11D3-BF4B-00C04F79EFBC}") = "SahasraDebuggingMaster", "SahasraDebuggingMaster.csproj", "{2E01A687-3364-9755-0EF9-CDEB1D2C7130}"
EndProject
Global
	GlobalSection(SolutionConfigurationPlatforms) = preSolution
		Debug|Any CPU = Debug|Any CPU
		Release|Any CPU = Release|Any CPU
	EndGlobalSection
	GlobalSection(ProjectConfigurationPlatforms) = postSolution
		{2E01A687-3364-9755-0EF9-CDEB1D2C7130}.Debug|Any CPU.ActiveCfg = Debug|Any CPU
		{2E01A687-3364-9755-0EF9-CDEB1D2C7130}.Debug|Any CPU.Build.0 = Debug|Any CPU
		{2E01A687-3364-9755-0EF9-CDEB1D2C7130}.Release|Any CPU.ActiveCfg = Release|Any CPU
		{2E01A687-3364-9755-0EF9-CDEB1D2C7130}.Release|Any CPU.Build.0 = Release|Any CPU
	EndGlobalSection
	GlobalSection(SolutionProperties) = preSolution
		HideSolutionNode = FALSE
	EndGlobalSection
	GlobalSection(ExtensibilityGlobals) = postSolution
		SolutionGuid = {7F2B013D-E071-4AFF-B02A-341C0F092504}
	EndGlobalSection
EndGlobal
